{
  "name": "bitecs-bug-repro",
  "version": "1.0.0",
  "lockfileVersion": 1,
  "requires": true,
  "dependencies": {
    "bitecs": {
      "version": "0.3.20-2",
      "resolved": "https://registry.npmjs.org/bitecs/-/bitecs-0.3.20-2.tgz",
      "integrity": "sha512-axaP8k21/xKW8VrhtGgPaWWXsfRc31sDQ9X4hc4OYKkepGxSgvS6wdfj7aZ+fdzduRJFofzRu27BV/604GGqFA=="
    },
    "lodash": {
      "version": "4.17.21",
      "resolved": "https://registry.npmjs.org/lodash/-/lodash-4.17.21.tgz",
      "integrity": "sha512-v2kDEe57lecTulaDIuNTPy3Ry4gLGJ6Z1O3vE1krgXZNrsQ+LFTGHVxVjcXPs17LhbZVGedAJv8XZ1tvj5FvSg=="
    }
  }
}
